{
    "_meta": {
        "hash": {
            "sha256": "c2a8fddbdd49bf304098837e666d625ddfef627439f847509a25155fc6fb5dfd"
        },
        "pipfile-spec": 6,
        "requires": {
            "python_version": "2.7"
        },
        "sources": [
            {
                "name": "pypi",
                "url": "https://pypi.org/simple",
                "verify_ssl": true
            }
        ]
    },
    "default": {
        "alpha-vantage": {
            "hashes": [
                "sha256:2d2128666b133dde2cd5e6a0bd368905e72522f7f0c10c40f5beb138ee61ba6e"
            ],
            "index": "pypi",
            "version": "==2.1.3"
        },
        "backports.ssl-match-hostname": {
            "hashes": [
                "sha256:bb82e60f9fbf4c080eabd957c39f0641f0fc247d9a16e31e26d594d8f42b9fd2"
            ],
            "version": "==3.7.0.1"
        },
        "beautifulsoup4": {
            "hashes": [
                "sha256:2c264254f6cfce64c3bd9d48885208093a73b9095645f600de0a277ce01ea0e5",
                "sha256:82a253245aed9875f141dd98a7462572bca93d064cf3117bd33de4b61ee18e68",
                "sha256:87d4013d0625d4789a4f56b8d79a04d5ce6db1152bb65f1d39744f7709a366b4"
            ],
            "index": "pypi",
            "version": "==4.4.1"
        },
        "click": {
            "hashes": [
                "sha256:d2b5255c7c6349bc1bd1e59e08cd12acbbd63ce649f2588755783aa94dfb6b1a",
                "sha256:dacca89f4bfadd5de3d7489b7c8a566eee0d3676333fbb50030263894c38c0dc"
            ],
            "version": "==7.1.2"
        },
        "configparser": {
            "hashes": [
                "sha256:254c1d9c79f60c45dfde850850883d5aaa7f19a23f13561243a050d5a7c3fe4c",
                "sha256:c7d282687a5308319bf3d2e7706e575c635b0a470342641c93bea0ea3b5331df"
            ],
            "markers": "python_version < '3'",
            "version": "==4.0.2"
        },
        "contextlib2": {
            "hashes": [
                "sha256:01f490098c18b19d2bd5bb5dc445b2054d2fa97f09a4280ba2c5f3c394c8162e",
                "sha256:3355078a159fbb44ee60ea80abd0d87b80b78c248643b49aa6d94673b413609b"
            ],
            "markers": "python_version < '3.4'",
            "version": "==0.6.0.post1"
        },
        "cssselect": {
            "hashes": [
                "sha256:0535a7e27014874b27ae3a4d33e8749e345bdfa62766195208b7996bf1100682"
            ],
            "index": "pypi",
            "version": "==0.9.1"
        },
        "decorator": {
            "hashes": [
                "sha256:01b7922a5c46e7c2b05edf992a17d81090d9e0e49caeedca490bb1dcb67ec255",
                "sha256:5ad0c10fad31648cffa15ee0640eee04bbb1b843a02de26ad3700740768cc3e1"
            ],
            "index": "pypi",
            "version": "==4.0.4"
        },
        "feedparser": {
            "hashes": [
                "sha256:bd030652c2d08532c034c27fcd7c85868e7fa3cb2b17f230a44a6bbc92519bf9",
                "sha256:cd2485472e41471632ed3029d44033ee420ad0b57111db95c240c9160a85831c",
                "sha256:ce875495c90ebd74b179855449040003a1beb40cd13d5f037a0654251e260b02"
            ],
            "index": "pypi",
            "version": "==5.2.1"
        },
        "future": {
            "hashes": [
                "sha256:b1bead90b70cf6ec3f0710ae53a525360fa360d306a86583adc6bf83a4db537d"
            ],
            "version": "==0.18.2"
        },
        "geocoder": {
            "hashes": [
                "sha256:a733e1dfbce3f4e1a526cac03aadcedb8ed1239cf55bd7f3a23c60075121a834",
                "sha256:c9925374c961577d0aee403b09e6f8ea1971d913f011f00ca70c76beaf7a77e7"
            ],
            "index": "pypi",
            "version": "==1.38.1"
        },
        "htmlparser": {
            "hashes": [
                "sha256:c5681d3d8642767739e4c08b1b19b3ff44263280ff1923b1c5424052bedb2087"
            ],
            "index": "pypi",
            "version": "==0.0.2"
        },
        "importlib-metadata": {
            "hashes": [
                "sha256:b8de9eff2b35fb037368f28a7df1df4e6436f578fa74423505b6c6a778d5b5dd",
                "sha256:c2d6341ff566f609e89a2acb2db190e5e1d23d5409d6cc8d2fe34d72443876d4"
            ],
            "version": "==2.1.1"
        },
        "inflect": {
            "hashes": [
                "sha256:48a35748cd695881722699d074a61166a2b591cc8c65d5c95d00e59c847b01c2",
                "sha256:ee7c9b7c3376d06828b205460afb3c447b5d25dd653171db249a238f3fc2c18a"
            ],
            "version": "==3.0.2"
        },
        "jaraco.itertools": {
            "hashes": [
                "sha256:6ac7fcd4af4a37c1751512d52e4e57b8d532457fd2b32b6a1fd3ab5a194921f5",
                "sha256:fdc00c2755a5abac65484d431098e44e163af57fae05d284bf8af9329d43bd7f"
            ],
            "version": "==4.4.2"
        },
        "lxml": {
            "hashes": [
                "sha256:079f3ae844f38982d156efce585bc540c16a926d4436712cf4baee0cce487a3d",
                "sha256:0fbcf5565ac01dff87cbfc0ff323515c823081c5777a9fc7703ff58388c258c3",
                "sha256:122fba10466c7bd4178b07dba427aa516286b846b2cbd6f6169141917283aae2",
                "sha256:1b7584d421d254ab86d4f0b13ec662a9014397678a7c4265a02a6d7c2b18a75f",
                "sha256:26e761ab5b07adf5f555ee82fb4bfc35bf93750499c6c7614bd64d12aaa67927",
                "sha256:289e9ca1a9287f08daaf796d96e06cb2bc2958891d7911ac7cae1c5f9e1e0ee3",
                "sha256:2a9d50e69aac3ebee695424f7dbd7b8c6d6eb7de2a2eb6b0f6c7db6aa41e02b7",
                "sha256:33bb934a044cf32157c12bfcfbb6649807da20aa92c062ef51903415c704704f",
                "sha256:3439c71103ef0e904ea0a1901611863e51f50b5cd5e8654a151740fde5e1cade",
                "sha256:39b78571b3b30645ac77b95f7c69d1bffc4cf8c3b157c435a34da72e78c82468",
                "sha256:4289728b5e2000a4ad4ab8da6e1db2e093c63c08bdc0414799ee776a3f78da4b",
                "sha256:4bff24dfeea62f2e56f5bab929b4428ae6caba2d1eea0c2d6eb618e30a71e6d4",
                "sha256:542d454665a3e277f76954418124d67516c5f88e51a900365ed54a9806122b83",
                "sha256:5a0a14e264069c03e46f926be0d8919f4105c1623d620e7ec0e612a2e9bf1c04",
                "sha256:66e575c62792c3f9ca47cb8b6fab9e35bab91360c783d1606f758761810c9791",
                "sha256:74f7d8d439b18fa4c385f3f5dfd11144bb87c1da034a466c5b5577d23a1d9b51",
                "sha256:7610b8c31688f0b1be0ef882889817939490a36d0ee880ea562a4e1399c447a1",
                "sha256:76fa7b1362d19f8fbd3e75fe2fb7c79359b0af8747e6f7141c338f0bee2f871a",
                "sha256:7728e05c35412ba36d3e9795ae8995e3c86958179c9770e65558ec3fdfd3724f",
                "sha256:8157dadbb09a34a6bd95a50690595e1fa0af1a99445e2744110e3dca7831c4ee",
                "sha256:820628b7b3135403540202e60551e741f9b6d3304371712521be939470b454ec",
                "sha256:884ab9b29feaca361f7f88d811b1eea9bfca36cf3da27768d28ad45c3ee6f969",
                "sha256:89b8b22a5ff72d89d48d0e62abb14340d9e99fd637d046c27b8b257a01ffbe28",
                "sha256:92e821e43ad382332eade6812e298dc9701c75fe289f2a2d39c7960b43d1e92a",
                "sha256:b007cbb845b28db4fb8b6a5cdcbf65bacb16a8bd328b53cbc0698688a68e1caa",
                "sha256:bc4313cbeb0e7a416a488d72f9680fffffc645f8a838bd2193809881c67dd106",
                "sha256:bccbfc27563652de7dc9bdc595cb25e90b59c5f8e23e806ed0fd623755b6565d",
                "sha256:c4f05c5a7c49d2fb70223d0d5bcfbe474cf928310ac9fa6a7c6dddc831d0b1d4",
                "sha256:ce256aaa50f6cc9a649c51be3cd4ff142d67295bfc4f490c9134d0f9f6d58ef0",
                "sha256:d2e35d7bf1c1ac8c538f88d26b396e73dd81440d59c1ef8522e1ea77b345ede4",
                "sha256:df7c53783a46febb0e70f6b05df2ba104610f2fb0d27023409734a3ecbb78fb2",
                "sha256:efac139c3f0bf4f0939f9375af4b02c5ad83a622de52d6dfa8e438e8e01d0eb0",
                "sha256:efd7a09678fd8b53117f6bae4fa3825e0a22b03ef0a932e070c0bdbb3a35e654",
                "sha256:f2380a6376dfa090227b663f9678150ef27543483055cc327555fb592c5967e2",
                "sha256:f8380c03e45cf09f8557bdaa41e1fa7c81f3ae22828e1db470ab2a6c96d8bc23",
                "sha256:f90ba11136bfdd25cae3951af8da2e95121c9b9b93727b1b896e3fa105b2f586"
            ],
            "index": "pypi",
            "version": "==4.6.3"
        },
        "more-itertools": {
            "hashes": [
                "sha256:38a936c0a6d98a38bcc2d03fdaaedaba9f412879461dd2ceff8d37564d6522e4",
                "sha256:c0a5785b1109a6bd7fac76d6837fd1feca158e54e521ccd2ae8bfe393cc9d4fc",
                "sha256:fe7a7cae1ccb57d33952113ff4fa1bc5f879963600ed74918f1236e212ee50b9"
            ],
            "version": "==5.0.0"
        },
        "pathlib2": {
            "hashes": [
                "sha256:0ec8205a157c80d7acc301c0b18fbd5d44fe655968f5d947b6ecef5290fc35db",
                "sha256:6cd9a47b597b37cc57de1c05e56fb1a1c9cc9fab04fe78c29acd090418529868"
            ],
            "markers": "python_version < '3'",
            "version": "==2.3.5"
        },
        "praw": {
            "hashes": [
                "sha256:97ec6cada81ffaf8b3d1c7c6a23e06d3334040a06258fd63add969f254bd7b07",
                "sha256:dbd92207ed7b790e6d1a0b5150cc506ebfd5c84cb2cee182c0394d1f14d1489f"
            ],
            "index": "pypi",
            "version": "==3.3.0"
        },
        "pyenchant": {
            "hashes": [
                "sha256:25c9d2667d512f8fc4410465fdd2e868377ca07eb3d56e2b6e534a86281d64d3",
                "sha256:2e573566c62eea455b2447b90accc61efed1d2a825dd3dc9285ab914baae92b3",
                "sha256:66f45e71d52e159381a1177b63e25eb419a0acb49b18a7197c0be8110567b8d1",
                "sha256:dd6ec7351ee93b65bd3c0bf9b1dbc143d2837cffabf8371bda0d589f471679bc"
            ],
            "index": "pypi",
            "version": "==1.6.6"
        },
        "pygeoip": {
            "hashes": [
                "sha256:1938b9dac7b00d77f94d040b9465ea52c938f3fcdcd318b5537994f3c16aef96",
                "sha256:f22c4e00ddf1213e0fae36dc60b46ee7c25a6339941ec1a975539014c1f9a96d"
            ],
            "index": "pypi",
            "version": "==0.3.2"
        },
        "pymongo": {
            "hashes": [
                "sha256:03b776a36aead832dd0fb0315e5ac2c22b2b15cdd5d700b0f98cb892d634b5a0",
                "sha256:06cd4a9effc94c6426f737b300d8a98c22b1858c2ec19fa135ff07bc938a5fd6",
                "sha256:17c41e95448fac4c571770cbdb73fd2d8bfdfcba48bc5ead0f2ea1d24b619b76",
                "sha256:1df2d7635fd5b9affb147afa9e1cd3367aed72d828ca41650a132b55efeffb06",
                "sha256:216fcbb32832f36e276617f17a0e4b4bc1ed6772038196d85f0b15617358a2c1",
                "sha256:28ab6d69e8a29d5901ead13106920477e3493474263f2e9a10048635a83958da",
                "sha256:38710ca036a715eb2fd4a752442b055735cf0e517189b4fc041d9e0e755e823b",
                "sha256:3d35bb5672f46b370dc5262739f0c3e419459e4203294f8186c7bc4be78e2df2",
                "sha256:57510b4ba8499ab3135bee9a976aeb069637c04a2852eb2c292cedfdd61b9b0e",
                "sha256:5a27e5a5ef6ab95ddd2004f9246c8e0bfde604a58a966f65e63ef15b89dcd416",
                "sha256:68595c9cb0eada278944cc702ffcb0303a4d27c3559a66e09feeb7646891cd11",
                "sha256:7ffe8c8d5b8a46a21138b0ede3ec8977e797a60613051af23efbcf3dca8ddd44",
                "sha256:89944a59e2225e09d65c12ef004ee6070bcb563a96422cd6d93ab05d02f6ff40",
                "sha256:92158f3894bcd9aedb0ad373d91ae7a1caee2a75a40ef210342fc55055b1b1f0",
                "sha256:98f550d27481cb841c0f5de023df644e7a3beb235b8a22a091e6dafd39c6a82a",
                "sha256:a3cd2ef833054f7d7fa9b00c3ac72d8259c468e76977fc152746f4535306c966",
                "sha256:ace7f9c719c8b00ead0fcbda58f3e85781a36b368e62dd9a8ca6bdc91115e1dd",
                "sha256:b284f64a61f203a2fa39047b3b3e6de1fc0d32ae037f356f9fe958ac191e810a",
                "sha256:c224e0ec0cebe294662594bddf5b23f18b8ab133753fb457a868ca683a719fd1",
                "sha256:cc8b8c6f6b959a06b8b0433d2bc3f410390a2d98104dc82cabbfdaa0d5b7a155",
                "sha256:ce575163f6998ad4b279f4c9d31cb182b94be52f4513e409b0c187524834cb08",
                "sha256:d37b3ba4f1aa555c445a9baed87359adcdc4e80870f290080f066efc8b997e05",
                "sha256:d49c0505a08674659a4f21e15017a7f8bfd5ba17a4b6d6633ec9ce86640cc70f",
                "sha256:d83f7427680565b83972a11a01ec27ad8d7e2056b279c9121d9b06ca93be300d",
                "sha256:dff907de25a87806ee5e672c0841621985589cbbacd5a0e817f2ddd1274bba6a"
            ],
            "index": "pypi",
            "version": "==3.1.1"
        },
        "pyquery": {
            "hashes": [
                "sha256:46c51eb878b787e814ee8f9737b0a62111034aeb4d1c06450ac5a8ea5a70e602"
            ],
            "index": "pypi",
            "version": "==1.2.9"
        },
        "pytz": {
            "hashes": [
                "sha256:3ede470d3d17ba3c07638dfa0d10452bc1b6e5ad326127a65ba77e6aaeb11bec",
                "sha256:8b6ce1c993909783bc96e0b4f34ea223bff7a4df2c90bdb9c4e0f1ac928689e3",
                "sha256:99266ef30a37e43932deec2b7ca73e83c8dbc3b9ff703ec73eca6b1dae6befea",
                "sha256:fbd26746772c24cb93c8b97cbdad5cb9e46c86bbdb1b9d8a743ee00e2fb1fc5d"
            ],
            "index": "pypi",
            "version": "==2015.7"
        },
        "ratelim": {
            "hashes": [
                "sha256:826d32177e11f9a12831901c9fda6679fd5bbea3605910820167088f5acbb11d",
                "sha256:e1a7dd39e6b552b7cc7f52169cd66cdb826a1a30198e355d7016012987c9ad08"
            ],
            "version": "==0.1.6"
        },
        "requests": {
            "hashes": [
                "sha256:84fe8d5bf4dcdcc49002446c47a146d17ac10facf00d9086659064ac43b6c25b",
                "sha256:89f1b1f25dcd7b68f514e8d341a5b2eb466f960ae756822eaab480a3c1a81c28"
            ],
            "index": "pypi",
            "version": "==2.8.1"
        },
        "scandir": {
            "hashes": [
                "sha256:2586c94e907d99617887daed6c1d102b5ca28f1085f90446554abf1faf73123e",
                "sha256:2ae41f43797ca0c11591c0c35f2f5875fa99f8797cb1a1fd440497ec0ae4b022",
                "sha256:2b8e3888b11abb2217a32af0766bc06b65cc4a928d8727828ee68af5a967fa6f",
                "sha256:2c712840c2e2ee8dfaf36034080108d30060d759c7b73a01a52251cc8989f11f",
                "sha256:4d4631f6062e658e9007ab3149a9b914f3548cb38bfb021c64f39a025ce578ae",
                "sha256:67f15b6f83e6507fdc6fca22fedf6ef8b334b399ca27c6b568cbfaa82a364173",
                "sha256:7d2d7a06a252764061a020407b997dd036f7bd6a175a5ba2b345f0a357f0b3f4",
                "sha256:8c5922863e44ffc00c5c693190648daa6d15e7c1207ed02d6f46a8dcc2869d32",
                "sha256:92c85ac42f41ffdc35b6da57ed991575bdbe69db895507af88b9f499b701c188",
                "sha256:b24086f2375c4a094a6b51e78b4cf7ca16c721dcee2eddd7aa6494b42d6d519d",
                "sha256:cb925555f43060a1745d0a321cca94bcea927c50114b623d73179189a4e100ac"
            ],
            "markers": "python_version < '3.5'",
            "version": "==1.10.0"
        },
        "six": {
            "hashes": [
                "sha256:0ff78c403d9bccf5a425a6d31a12aa6b47f1c21ca4dc2573a7e2f32a97335eb1",
                "sha256:105f8d68616f8248e24bf0e9372ef04d3cc10104f1980f54d57b2ce73a5ad56a"
            ],
            "index": "pypi",
            "version": "==1.10.0"
        },
        "sopel": {
            "hashes": [
                "sha256:d303e359fb3900a75ec12286f6ce112cb870e1470b22a6343245e13ce0797300"
            ],
            "index": "pypi",
            "version": "==6.5.0"
        },
        "update-checker": {
            "hashes": [
                "sha256:0b7ea218d3466183e5b486da9817dc9b3ff008823274e9d8b9a55127848bb15a",
                "sha256:681bc7c26cffd1564eb6f0f3170d975a31c2a9f2224a32f80fe954232b86f173"
            ],
            "index": "pypi",
            "version": "==0.11"
        },
        "wheel": {
            "hashes": [
                "sha256:78b5b185f0e5763c26ca1e324373aadd49182ca90e825f7853f4b2509215dc0e",
                "sha256:e11eefd162658ea59a60a0f6c7d493a7190ea4b9a85e335b33489d9f17e0245e"
            ],
            "version": "==0.36.2"
        },
        "wikiapi": {
            "hashes": [
                "sha256:486e12ea49905f5d60f3fc00710d6c785fb6308835d011cdf0d82d9e882562f8",
                "sha256:b12671207e00f2b936a0af6de0d8eafc5dc7b662b60b584c36f88d9662e729a3"
            ],
            "index": "pypi",
            "version": "==1.2.4"
        },
        "wolframalpha": {
            "hashes": [
                "sha256:35c68635c9460a25f3e7b3b3b5498d2d7a4d05667f7e30a3007b0e1c611f2599",
                "sha256:e1eef0cbee3cd5387cae8f112a5464e951161facf1e37f61ca98d77e7a4c01fa"
            ],
            "index": "pypi",
            "version": "==3.0.1"
        },
        "xmltodict": {
            "hashes": [
                "sha256:275d1e68c95cd7e3ee703ddc3ea7278e8281f761680d6bdd637bcd00a5c59901"
            ],
            "index": "pypi",
            "version": "==0.9.2"
        },
        "zipp": {
            "hashes": [
                "sha256:c70410551488251b0fee67b460fb9a536af8d6f9f008ad10ac51f615b6a521b1",
                "sha256:e0d9e63797e483a30d27e09fffd308c59a700d365ec34e93cc100844168bf921"
            ],
            "version": "==1.2.0"
        }
    },
    "develop": {}
}
